<?xml version="1.0" encoding="UTF-8" standalone="yes" ?>
<CodeBlocks_project_file>
	<FileVersion major="1" minor="6" />
	<Project>
		<Option title="MovimentacaoAtualizado" />
		<Option pch_mode="2" />
		<Option compiler="gcc" />
		<Build>
			<Target title="Debug">
				<Option output="bin/Debug/MovimentacaoAtualizado" prefix_auto="1" extension_auto="1" />
				<Option object_output="obj/Debug/" />
				<Option type="1" />
				<Option compiler="raylib" />
				<Compiler>
					<Add option="-g" />
				</Compiler>
			</Target>
			<Target title="Release">
				<Option output="bin/Release/MovimentacaoAtualizado" prefix_auto="1" extension_auto="1" />
				<Option object_output="obj/Release/" />
				<Option type="1" />
				<Option compiler="gcc" />
				<Compiler>
					<Add option="-O2" />
				</Compiler>
				<Linker>
					<Add option="-s" />
				</Linker>
			</Target>
		</Build>
		<Compiler>
			<Add option="-Wall" />
		</Compiler>
		<Unit filename="headers/animacao.h" />
		<Unit filename="headers/coordenada.h" />
		<Unit filename="headers/item.h" />
		<Unit filename="headers/jogador.h" />
		<Unit filename="headers/mapa.h" />
		<Unit filename="headers/menu.h" />
		<Unit filename="headers/movimentos.h" />
		<Unit filename="headers/rank.h" />
		<Unit filename="headers/save.h" />
		<Unit filename="headers/sound.h" />
		<Unit filename="headers/textura.h" />
		<Unit filename="main.c">
			<Option compilerVar="CC" />
		</Unit>
		<Unit filename="src/animacao.c">
			<Option compilerVar="CC" />
		</Unit>
		<Unit filename="src/coordenada.c">
			<Option compilerVar="CC" />
		</Unit>
		<Unit filename="src/item.c">
			<Option compilerVar="CC" />
		</Unit>
		<Unit filename="src/jogador.c">
			<Option compilerVar="CC" />
		</Unit>
		<Unit filename="src/mapa.c">
			<Option compilerVar="CC" />
		</Unit>
		<Unit filename="src/menu.c">
			<Option compilerVar="CC" />
		</Unit>
		<Unit filename="src/movimentos.c">
			<Option compilerVar="CC" />
		</Unit>
		<Unit filename="src/rank.c">
			<Option compilerVar="CC" />
		</Unit>
		<Unit filename="src/save.c">
			<Option compilerVar="CC" />
		</Unit>
		<Unit filename="src/sound.c">
			<Option compilerVar="CC" />
		</Unit>
		<Unit filename="src/textura.c">
			<Option compilerVar="CC" />
		</Unit>
		<Extensions>
			<lib_finder disable_auto="1" />
		</Extensions>
	</Project>
</CodeBlocks_project_file>
